internal/sdk/models/operations/inboxesmetricsquery.go
internal/sdk/models/components/podscreatepodrequest.go
internal/sdk/models/components/apikey.go
internal/sdk/models/components/entrytype.go
internal/sdk/models/components/createapikeyrequest.go
internal/sdk/models/components/listlistentriesresponse.go
internal/sdk/models/components/thread.go
internal/sdk/models/components/agentverifyresponse.go
internal/sdk/models/operations/domainsgetzonefile.go
internal/sdk/lists.go
internal/sdk/models/operations/inboxesget.go
internal/sdk/sdkinternal/config/sdkconfiguration.go
internal/sdk/models/components/draftsendstatus.go
internal/sdk/models/operations/listscreate.go
internal/sdk/models/operations/apikeysdelete.go
internal/sdk/models/components/draftitem.go
internal/sdk/models/components/listentry.go
internal/sdk/models/components/listmessagesresponse.go
internal/sdk/models/operations/threadsget.go
internal/sdk/models/operations/listsdelete.go
internal/sdk/models/operations/podsinboxesdelete.go
internal/sdk/podsinboxes.go
internal/sdk/models/operations/threadsupdate.go
internal/sdk/models/components/podlistlistentriesresponse.go
internal/sdk/inboxesdrafts.go
internal/sdk/organizations.go
internal/sdk/models/operations/podsdelete.go
internal/sdk/models/operations/listsget.go
internal/sdk/models/components/domainitem.go
internal/sdk/models/components/sendmessagerequest.go
internal/sdk/models/operations/agentverify.go
internal/sdk/models/components/httpmetadata.go
internal/sdk/models/operations/domainsdelete.go
internal/sdk/models/operations/inboxesdelete.go
internal/sdk/pods.go
internal/sdk/models/components/webhookscreatewebhookrequest.go
internal/sdk/models/operations/podsdraftslist.go
internal/sdk/models/operations/podsdomainsget.go
internal/sdk/models/components/metriceventtype.go
internal/sdk/inboxesapikeys.go
internal/sdk/models/operations/podslistsget.go
internal/sdk/models/operations/inboxesdraftsget.go
internal/sdk/models/operations/inboxesthreadsgetattachment.go
internal/sdk/models/operations/webhooksdelete.go
internal/sdk/models/components/inboxesinbox.go
internal/sdk/models/components/agentverifyrequest.go
internal/sdk/models/operations/inboxesdraftsupdate.go
internal/sdk/models/operations/inboxesmessagesupdate.go
internal/sdk/models/operations/podscreate.go
internal/sdk/models/components/domain.go
internal/sdk/models/components/attachmentcontentdisposition.go
internal/sdk/models/operations/podsdomainsverify.go
internal/sdk/models/operations/inboxesupdate.go
internal/sdk/models/operations/inboxescreate.go
internal/sdk/apikeys.go
internal/sdk/models/operations/inboxeslistslist.go
internal/sdk/models/components/listtype.go
internal/sdk/models/components/inboxevent.go
internal/sdk/models/operations/inboxesapikeyslist.go
internal/sdk/sdkinternal/hooks/hooks.go
internal/sdk/models/operations/threadsgetattachment.go
internal/sdk/models/operations/inboxesapikeysdelete.go
internal/sdk/models/operations/inboxesthreadsupdate.go
internal/sdk/models/operations/draftsgetattachment.go
internal/sdk/drafts.go
internal/sdk/models/operations/podsdomainslist.go
internal/sdk/inboxes.go
internal/sdk/models/operations/inboxesdraftslist.go
internal/sdk/models/sdkerrors/validationerrorresponse.go
internal/sdk/models/operations/domainsget.go
internal/sdk/models/components/listthreadsresponse.go
internal/sdk/models/operations/domainslist.go
internal/sdk/models/operations/podsget.go
internal/sdk/models/components/rawmessageresponse.go
internal/sdk/models/components/sendmessagereplyto.go
internal/sdk/models/components/createdraftrequest.go
internal/sdk/models/operations/threadsdelete.go
internal/sdk/models/operations/draftslist.go
internal/sdk/models/components/inboxeventtype.go
internal/sdk/models/operations/podsapikeyslist.go
internal/sdk/inboxesthreads.go
internal/sdk/models/components/security.go
internal/sdk/models/operations/organizationsget.go
internal/sdk/podsmetrics.go
internal/sdk/models/components/updatedomainrequest.go
internal/sdk/models/components/podspod.go
internal/sdk/models/components/listdraftsresponse.go
internal/sdk/models/operations/inboxesmessagesdelete.go
internal/sdk/models/operations/inboxesthreadslist.go
internal/sdk/models/operations/inboxesthreadsdelete.go
internal/sdk/models/operations/inboxeslist.go
internal/sdk/models/operations/podsthreadsupdate.go
internal/sdk/models/operations/podsdomainsupdate.go
internal/sdk/models/components/status.go
internal/sdk/models/components/inboxeslistinboxesresponse.go
internal/sdk/models/operations/inboxesdraftssend.go
internal/sdk/threads.go
internal/sdk/models/operations/inboxeslistscreate.go
internal/sdk/models/operations/webhooksget.go
internal/sdk/.gitattributes
internal/sdk/models/operations/inboxesmessageslist.go
internal/sdk/models/operations/options.go
internal/sdk/models/components/organization.go
internal/sdk/models/operations/podslistsdelete.go
internal/sdk/models/components/updatethreadrequest.go
internal/sdk/models/components/webhookswebhook.go
internal/sdk/models/components/createlistentryrequest.go
internal/sdk/models/components/inboxesupdateinboxrequest.go
internal/sdk/models/components/updatemessageresponse.go
internal/sdk/models/operations/podsdomainsgetzonefile.go
internal/sdk/domains.go
internal/sdk/models/operations/podsapikeyscreate.go
internal/sdk/models/operations/webhookscreate.go
internal/sdk/events.go
internal/sdk/models/operations/podslistslist.go
internal/sdk/models/components/recordtype.go
internal/sdk/models/operations/inboxeslistsdelete.go
internal/sdk/models/operations/inboxesapikeyscreate.go
internal/sdk/models/operations/podsapikeysdelete.go
internal/sdk/models/components/attachment.go
internal/sdk/models/sdkerrors/errorresponse.go
internal/sdk/models/operations/podsthreadsget.go
internal/sdk/models/components/podlistentry.go
internal/sdk/models/operations/apikeyscreate.go
internal/sdk/models/components/updatemessagelabels.go
internal/sdk/models/components/podslistpodsresponse.go
internal/sdk/models/components/webhooksupdatewebhookrequest.go
internal/sdk/models/operations/podsthreadslist.go
internal/sdk/models/components/listapikeysresponse.go
internal/sdk/models/operations/webhooksupdate.go
internal/sdk/models/components/verificationrecord.go
internal/sdk/models/components/direction.go
internal/sdk/models/operations/podsthreadsgetattachment.go
internal/sdk/models/components/agentsignuprequest.go
internal/sdk/podsdomains.go
internal/sdk/models/components/updatemessagerequest.go
internal/sdk/podsthreads.go
internal/sdk/inboxeslists.go
internal/sdk/models/operations/agentsignup.go
internal/sdk/models/operations/draftsget.go
internal/sdk/models/components/webhookslistwebhooksresponse.go
internal/sdk/models/operations/inboxesdraftsdelete.go
internal/sdk/models/operations/inboxesthreadsget.go
internal/sdk/inboxesmetrics.go
internal/sdk/models/operations/apikeyslist.go
internal/sdk/models/components/listdomainsresponse.go
internal/sdk/models/components/messageitem.go
internal/sdk/models/operations/domainsverify.go
internal/sdk/models/operations/inboxesmessagesgetattachment.go
internal/sdk/models/components/sendattachment.go
internal/sdk/models/components/sendmessagebcc.go
internal/sdk/models/operations/domainsupdate.go
internal/sdk/models/components/sendmessageresponse.go
internal/sdk/podsdrafts.go
internal/sdk/models/operations/inboxesmessagessend.go
internal/sdk/models/components/sendmessageto.go
internal/sdk/webhooks.go
internal/sdk/models/components/draft.go
internal/sdk/models/operations/inboxesmessagesforward.go
internal/sdk/models/operations/inboxesmessagesreplyall.go
internal/sdk/models/components/message.go
internal/sdk/models/operations/inboxesmessagesreply.go
internal/sdk/models/operations/podsinboxeslist.go
internal/sdk/models/operations/domainscreate.go
internal/sdk/models/operations/podsdomainscreate.go
internal/sdk/docs/models/operations/option.md
internal/sdk/models/operations/inboxeslistsget.go
internal/sdk/models/components/updatethreadresponse.go
internal/sdk/models/operations/podsdraftsget.go
internal/sdk/models/components/createapikeyresponse.go
internal/sdk/models/operations/podsdomainsdelete.go
internal/sdk/models/operations/inboxesdraftsgetattachment.go
internal/sdk/models/components/replytomessagerequest.go
internal/sdk/models/operations/webhookslist.go
internal/sdk/podslists.go
internal/sdk/models/components/recordstatus.go
internal/sdk/models/operations/inboxeseventslist.go
internal/sdk/models/components/replyallmessagerequest.go
internal/sdk/metrics.go
internal/sdk/models/components/metricbucket.go
internal/sdk/models/operations/listslist.go
internal/sdk/models/operations/podsdraftsgetattachment.go
internal/sdk/models/operations/podslist.go
internal/sdk/models/components/agentsignupresponse.go
internal/sdk/models/operations/inboxesmessagesget.go
internal/sdk/models/operations/metricsquery.go
internal/sdk/models/components/inboxescreateinboxrequest.go
internal/sdk/models/components/attachmentresponse.go
internal/sdk/models/operations/podsinboxescreate.go
internal/sdk/agent.go
internal/sdk/models/components/apikeypermissions.go
internal/sdk/models/operations/podsinboxesget.go
internal/sdk/models/components/threaditem.go
internal/sdk/models/operations/podslistscreate.go
internal/sdk/models/sdkerrors/sdkdefaulterror.go
internal/sdk/models/operations/inboxesdraftscreate.go
internal/sdk/optionalnullable/optionalnullable.go
internal/sdk/agentmailcli.go
internal/sdk/models/operations/threadslist.go
internal/sdk/models/components/listinboxeventsresponse.go
internal/sdk/optionalnullable/optionalnullable_test.go
internal/sdk/messages.go
internal/sdk/retry/config.go
internal/sdk/types/bigint.go
internal/sdk/types/date.go
internal/sdk/types/datetime.go
internal/sdk/models/components/updatedraftrequest.go
internal/sdk/types/pointers.go
internal/sdk/sdkinternal/utils/contenttype.go
internal/sdk/sdkinternal/utils/env.go
internal/sdk/sdkinternal/utils/form.go
internal/sdk/sdkinternal/utils/headers.go
internal/sdk/models/components/eventtype.go
internal/sdk/sdkinternal/utils/json.go
internal/sdk/sdkinternal/utils/pathparams.go
internal/sdk/sdkinternal/utils/queryparams.go
internal/sdk/sdkinternal/utils/requestbody.go
internal/sdk/sdkinternal/utils/retries.go
internal/sdk/sdkinternal/utils/security.go
internal/sdk/sdkinternal/utils/union.go
internal/sdk/sdkinternal/utils/union_test.go
internal/sdk/sdkinternal/utils/utils.go
internal/sdk/models/operations/podsinboxesupdate.go
internal/sdk/models/operations/inboxesmessagesgetraw.go
internal/sdk/models/operations/podsthreadsdelete.go
internal/sdk/podsapikeys.go
internal/sdk/models/operations/podsmetricsquery.go
internal/sdk/models/components/sendmessagecc.go
internal/sdk/models/components/createdomainrequest.go
.goreleaser.yaml
internal/cli/inboxes/inboxesdrafts/root.go
internal/cli/pods/podsdomains/root.go
internal/cli/pods/podsdrafts/podsdraftsgetattachment.go
internal/cli/domains/domainsupdate.go
internal/cli/inboxes/inboxesdrafts/inboxesdraftscreate.go
internal/cli/webhooks/webhooksget.go
internal/cli/pods/podslists/root.go
internal/cli/webhooks/webhooksupdate.go
internal/cli/inboxes/inboxesdelete.go
internal/cli/pods/podslist.go
internal/cli/pods/podsapikeys/podsapikeyslist.go
internal/cli/inboxes/inboxesmetrics/inboxesmetricsquery.go
internal/cli/inboxes/inboxesdrafts/inboxesdraftsdelete.go
internal/cli/agent/agentsignup.go
internal/cli/inboxes/inboxesapikeys/inboxesapikeyslist.go
scripts/install.ps1
internal/cli/inboxes/messages/inboxesmessagessend.go
internal/cli/threads/threadsget.go
internal/cli/drafts/draftsgetattachment.go
internal/cli/lists/listscreate.go
internal/cli/pods/podslists/podslistslist.go
internal/cli/inboxes/messages/inboxesmessagesgetraw.go
internal/cli/inboxes/inboxeslists/root.go
internal/cli/agent/root.go
internal/cli/pods/podsinboxes/podsinboxesdelete.go
internal/cli/pods/root.go
internal/cli/pods/podsdelete.go
internal/cli/inboxes/messages/inboxesmessagesget.go
.github/workflows/release.yaml
internal/cli/webhooks/root.go
internal/cli/lists/listsdelete.go
internal/cli/lists/root.go
internal/cli/pods/podsinboxes/podsinboxesget.go
internal/cli/inboxes/inboxesmetrics/root.go
internal/cli/inboxes/messages/inboxesmessagesforward.go
internal/cli/pods/podsdomains/podsdomainscreate.go
internal/cli/inboxes/messages/inboxesmessagesdelete.go
internal/cli/pods/podsapikeys/podsapikeysdelete.go
internal/cli/domains/domainscreate.go
internal/cli/inboxes/inboxesthreads/inboxesthreadsget.go
internal/cli/domains/domainsverify.go
internal/cli/pods/podsthreads/podsthreadsupdate.go
internal/cli/domains/domainsdelete.go
internal/cli/inboxes/messages/inboxesmessagesreplyall.go
internal/cli/organizations/root.go
internal/cli/inboxes/inboxesapikeys/inboxesapikeysdelete.go
internal/cli/inboxes/messages/root.go
internal/cli/pods/podsdomains/podsdomainsget.go
internal/cli/pods/podsinboxes/podsinboxescreate.go
internal/cli/pods/podsdomains/podsdomainsverify.go
internal/cli/apikeys/root.go
internal/cli/inboxes/inboxesdrafts/inboxesdraftsgetattachment.go
internal/cli/domains/root.go
internal/cli/configure.go
scripts/install.sh
internal/cli/inboxes/events/inboxeseventslist.go
internal/cli/version.go
internal/cli/inboxes/inboxesdrafts/inboxesdraftsget.go
internal/cli/domains/domainsgetzonefile.go
internal/cli/lists/listslist.go
internal/cli/apikeys/apikeysdelete.go
internal/cli/domains/domainsget.go
internal/cli/inboxes/inboxesget.go
internal/cli/root.go
internal/cli/pods/podslists/podslistscreate.go
internal/cli/threads/threadsdelete.go
internal/cli/inboxes/inboxesthreads/root.go
internal/cli/metrics/metricsquery.go
internal/cli/pods/podsthreads/podsthreadsgetattachment.go
internal/cli/apikeys/apikeyslist.go
internal/cli/inboxes/inboxescreate.go
internal/cli/webhooks/webhookscreate.go
internal/cli/pods/podsinboxes/root.go
internal/cli/pods/podsapikeys/podsapikeyscreate.go
internal/cli/inboxes/inboxesdrafts/inboxesdraftssend.go
internal/cli/inboxes/inboxesthreads/inboxesthreadsdelete.go
internal/cli/pods/podslists/podslistsget.go
USAGE.md
internal/cli/pods/podsmetrics/root.go
internal/cli/pods/podsdrafts/podsdraftsget.go
internal/cli/inboxes/inboxeslist.go
internal/cli/lists/listsget.go
internal/cli/inboxes/inboxeslists/inboxeslistsget.go
internal/cli/pods/podsmetrics/podsmetricsquery.go
internal/cli/pods/podsdomains/podsdomainsgetzonefile.go
internal/cli/pods/podsthreads/root.go
internal/cli/pods/podsdomains/podsdomainsdelete.go
internal/cli/drafts/draftslist.go
internal/cli/pods/podsinboxes/podsinboxesupdate.go
internal/cli/pods/podsdomains/podsdomainslist.go
internal/cli/inboxes/inboxesdrafts/inboxesdraftsupdate.go
internal/cli/inboxes/messages/inboxesmessagesreply.go
internal/cli/inboxes/inboxeslists/inboxeslistslist.go
internal/cli/inboxes/inboxesdrafts/inboxesdraftslist.go
internal/cli/inboxes/inboxesapikeys/root.go
internal/cli/webhooks/webhookslist.go
internal/cli/pods/podsthreads/podsthreadsget.go
internal/cli/inboxes/inboxesupdate.go
internal/cli/inboxes/inboxesthreads/inboxesthreadslist.go
internal/cli/inboxes/inboxeslists/inboxeslistsdelete.go
internal/cli/pods/podsget.go
internal/cli/auth.go
internal/cli/pods/podsinboxes/podsinboxeslist.go
internal/cli/threads/threadslist.go
internal/cli/inboxes/events/root.go
cmd/gendocs/main.go
cmd/agentmail/main.go
internal/cli/pods/podscreate.go
internal/cli/inboxes/messages/inboxesmessagesupdate.go
go.mod
internal/client/client.go
internal/client/diagnostics.go
internal/cli/pods/podslists/podslistsdelete.go
internal/cli/organizations/organizationsget.go
internal/config/config.go
internal/config/keyring.go
internal/explorer/explorer.go
internal/explorer/styles.go
internal/explorer/tree.go
internal/cli/webhooks/webhooksdelete.go
internal/explorer/tui.go
internal/cli/drafts/root.go
internal/cli/threads/root.go
internal/flagutil/flags.go
internal/cli/pods/podsdomains/podsdomainsupdate.go
internal/cli/threads/threadsgetattachment.go
internal/flagutil/metadata.go
.gitattributes
internal/cli/pods/podsdrafts/root.go
internal/interactive/interactive.go
internal/cli/inboxes/inboxesthreads/inboxesthreadsupdate.go
internal/cli/pods/podsthreads/podsthreadsdelete.go
internal/output/agentmode.go
internal/cli/inboxes/messages/inboxesmessagesgetattachment.go
internal/output/binary.go
internal/output/color.go
internal/output/jq.go
internal/output/output.go
internal/output/pretty.go
internal/testclient/testclient.go
internal/cli/pods/podsdrafts/podsdraftslist.go
internal/cli/masking.go
internal/cli/whoami.go
internal/cli/metrics/root.go
internal/cli/domains/domainslist.go
internal/cli/inboxes/inboxesthreads/inboxesthreadsgetattachment.go
internal/cli/inboxes/messages/inboxesmessageslist.go
internal/cli/agent/agentverify.go
internal/cli/inboxes/inboxeslists/inboxeslistscreate.go
internal/cli/threads/threadsupdate.go
internal/cli/drafts/draftsget.go
internal/usage/schema.go
internal/cli/inboxes/root.go
internal/cli/pods/podsapikeys/root.go
internal/cli/inboxes/inboxesapikeys/inboxesapikeyscreate.go
internal/cli/apikeys/apikeyscreate.go
internal/cli/pods/podsthreads/podsthreadslist.go
