speakeasyVersion: 1.761.8
sources:
    api:
        sourceNamespace: api
        sourceRevisionDigest: sha256:8460944c26d6b91523ec0583ad6fdfa558653c7cf4f113bd1e9b99f9d437db08
        sourceBlobDigest: sha256:043248f3044176faef7826ca0d1fc65cd2696a672a45bdc2f40e2e4948222e6d
        tags:
            - latest
targets:
    agentmail-cli:
        source: api
        sourceNamespace: api
        sourceRevisionDigest: sha256:8460944c26d6b91523ec0583ad6fdfa558653c7cf4f113bd1e9b99f9d437db08
        sourceBlobDigest: sha256:043248f3044176faef7826ca0d1fc65cd2696a672a45bdc2f40e2e4948222e6d
workflow:
    workflowVersion: 1.0.0
    speakeasyVersion: latest
    sources:
        api:
            inputs:
                - location: openapi.yaml
            overlays:
                - location: overlays/normalize-tags.yaml
            output: .speakeasy/out.openapi.yaml
            registry:
                location: registry.speakeasyapi.dev/agentmail/agentmail/api
    targets:
        agentmail-cli:
            target: cli
            source: api
